<?xml version="1.0" encoding="UTF-8" standalone="yes" ?>
<CodeBlocks_project_file>
	<FileVersion major="1" minor="6" />
	<Project>
		<Option title="MiniPJGame" />
		<Option pch_mode="2" />
		<Option compiler="gcc" />
		<Build>
			<Target title="Debug">
				<Option output="bin/Debug/MiniPJGame" prefix_auto="1" extension_auto="1" />
				<Option object_output="obj/Debug/" />
				<Option type="1" />
				<Option compiler="gcc" />
				<Compiler>
					<Add option="-g" />
				</Compiler>
			</Target>
			<Target title="Release">
				<Option output="bin/Release/MiniPJGame" prefix_auto="1" extension_auto="1" />
				<Option object_output="obj/Release/" />
				<Option type="1" />
				<Option compiler="gcc" />
				<Compiler>
					<Add option="-O2" />
				</Compiler>
				<Linker>
					<Add option="-s" />
				</Linker>
			</Target>
		</Build>
		<Compiler>
			<Add option="-Wall" />
			<Add option="-fexceptions" />
		</Compiler>
		<Unit filename="Dino.cpp" />
		<Unit filename="Dino.h" />
		<Unit filename="Game.cpp" />
		<Unit filename="Game.h" />
		<Unit filename="Highway.cpp" />
		<Unit filename="Highway.h" />
		<Unit filename="Object.cpp" />
		<Unit filename="Object.h" />
		<Unit filename="Player.cpp" />
		<Unit filename="Player.h" />
		<Unit filename="SoundControl.cpp" />
		<Unit filename="SoundControl.h" />
		<Unit filename="Sound/Background.wav" />
		<Unit filename="Sound/Background2.wav" />
		<Unit filename="Sound/Railway.wav" />
		<Unit filename="Sound/bird_die.wav" />
		<Unit filename="Sound/car_die.wav" />
		<Unit filename="Sound/dinosaur_die.wav" />
		<Unit filename="Sound/finish.wav" />
		<Unit filename="Sound/levelup.wav" />
		<Unit filename="Sound/move.wav" />
		<Unit filename="Sound/player_die.wav" />
		<Unit filename="main.cpp" />
		<Unit filename="pixel.cpp" />
		<Unit filename="pixel.h" />
		<Unit filename="point.cpp" />
		<Unit filename="point.h" />
		<Unit filename="windowControl.cpp" />
		<Unit filename="windowControl.h" />
		<Extensions>
			<lib_finder disable_auto="1" />
		</Extensions>
	</Project>
</CodeBlocks_project_file>
